// !$*UTF8*$!
{
	archiveVersion = 1;
	classes = {
	};
	objectVersion = 56;
	objects = {

/* Begin PBXBuildFile section */
		73880CCB2B077BC0005D2C01 /* AppDelegate.swift in Sources */ = {isa = PBXBuildFile; fileRef = 73880CCA2B077BC0005D2C01 /* AppDelegate.swift */; };
		73880CCD2B077BC0005D2C01 /* GameViewController.swift in Sources */ = {isa = PBXBuildFile; fileRef = 73880CCC2B077BC0005D2C01 /* GameViewController.swift */; };
		73880CD02B077BC0005D2C01 /* Main.storyboard in Resources */ = {isa = PBXBuildFile; fileRef = 73880CCE2B077BC0005D2C01 /* Main.storyboard */; };
		73880CD32B077BC0005D2C01 /* LaunchScreen.storyboard in Resources */ = {isa = PBXBuildFile; fileRef = 73880CD12B077BC0005D2C01 /* LaunchScreen.storyboard */; };
		73880CF22B077BC0005D2C01 /* Actions.sks in Resources */ = {isa = PBXBuildFile; fileRef = 73880CBF2B077BBE005D2C01 /* Actions.sks */; };
		73880CF32B077BC0005D2C01 /* Actions.sks in Resources */ = {isa = PBXBuildFile; fileRef = 73880CBF2B077BBE005D2C01 /* Actions.sks */; };
		73880CF42B077BC0005D2C01 /* Actions.sks in Resources */ = {isa = PBXBuildFile; fileRef = 73880CBF2B077BBE005D2C01 /* Actions.sks */; };
		73880CF52B077BC0005D2C01 /* GameScene.sks in Resources */ = {isa = PBXBuildFile; fileRef = 73880CC02B077BBE005D2C01 /* GameScene.sks */; };
		73880CF62B077BC0005D2C01 /* GameScene.sks in Resources */ = {isa = PBXBuildFile; fileRef = 73880CC02B077BBE005D2C01 /* GameScene.sks */; };
		73880CF72B077BC0005D2C01 /* GameScene.sks in Resources */ = {isa = PBXBuildFile; fileRef = 73880CC02B077BBE005D2C01 /* GameScene.sks */; };
		73880CF82B077BC0005D2C01 /* GameScene.swift in Sources */ = {isa = PBXBuildFile; fileRef = 73880CC12B077BBE005D2C01 /* GameScene.swift */; };
		73880CF92B077BC0005D2C01 /* GameScene.swift in Sources */ = {isa = PBXBuildFile; fileRef = 73880CC12B077BBE005D2C01 /* GameScene.swift */; };
		73880CFA2B077BC0005D2C01 /* GameScene.swift in Sources */ = {isa = PBXBuildFile; fileRef = 73880CC12B077BBE005D2C01 /* GameScene.swift */; };
		73880CFB2B077BC0005D2C01 /* Assets.xcassets in Resources */ = {isa = PBXBuildFile; fileRef = 73880CC22B077BC0005D2C01 /* Assets.xcassets */; };
		73880CFC2B077BC0005D2C01 /* Assets.xcassets in Resources */ = {isa = PBXBuildFile; fileRef = 73880CC22B077BC0005D2C01 /* Assets.xcassets */; };
		73880CFD2B077BC0005D2C01 /* Assets.xcassets in Resources */ = {isa = PBXBuildFile; fileRef = 73880CC22B077BC0005D2C01 /* Assets.xcassets */; };
		73D7764E2B0CD04400A903C0 /* Ground.sks in Resources */ = {isa = PBXBuildFile; fileRef = 73D7764C2B0CD04400A903C0 /* Ground.sks */; };
		73D7764F2B0CD04400A903C0 /* Assets.xcassets in Resources */ = {isa = PBXBuildFile; fileRef = 73D7764D2B0CD04400A903C0 /* Assets.xcassets */; };
/* End PBXBuildFile section */

/* Begin PBXFileReference section */
		73880CBF2B077BBE005D2C01 /* Actions.sks */ = {isa = PBXFileReference; lastKnownFileType = file.sks; path = Actions.sks; sourceTree = "<group>"; };
		73880CC02B077BBE005D2C01 /* GameScene.sks */ = {isa = PBXFileReference; lastKnownFileType = file.sks; path = GameScene.sks; sourceTree = "<group>"; };
		73880CC12B077BBE005D2C01 /* GameScene.swift */ = {isa = PBXFileReference; lastKnownFileType = sourcecode.swift; path = GameScene.swift; sourceTree = "<group>"; };
		73880CC22B077BC0005D2C01 /* Assets.xcassets */ = {isa = PBXFileReference; lastKnownFileType = folder.assetcatalog; path = Assets.xcassets; sourceTree = "<group>"; };
		73880CC72B077BC0005D2C01 /* try03.app */ = {isa = PBXFileReference; explicitFileType = wrapper.application; includeInIndex = 0; path = try03.app; sourceTree = BUILT_PRODUCTS_DIR; };
		73880CCA2B077BC0005D2C01 /* AppDelegate.swift */ = {isa = PBXFileReference; lastKnownFileType = sourcecode.swift; path = AppDelegate.swift; sourceTree = "<group>"; };
		73880CCC2B077BC0005D2C01 /* GameViewController.swift */ = {isa = PBXFileReference; lastKnownFileType = sourcecode.swift; path = GameViewController.swift; sourceTree = "<group>"; };
		73880CCF2B077BC0005D2C01 /* Base */ = {isa = PBXFileReference; lastKnownFileType = file.storyboard; name = Base; path = Base.lproj/Main.storyboard; sourceTree = "<group>"; };
		73880CD22B077BC0005D2C01 /* Base */ = {isa = PBXFileReference; lastKnownFileType = file.storyboard; name = Base; path = Base.lproj/LaunchScreen.storyboard; sourceTree = "<group>"; };
		73880CD82B077BC0005D2C01 /* try03.app */ = {isa = PBXFileReference; explicitFileType = wrapper.application; includeInIndex = 0; path = try03.app; sourceTree = BUILT_PRODUCTS_DIR; };
		73880CE82B077BC0005D2C01 /* try03.app */ = {isa = PBXFileReference; explicitFileType = wrapper.application; includeInIndex = 0; path = try03.app; sourceTree = BUILT_PRODUCTS_DIR; };
		73D7764C2B0CD04400A903C0 /* Ground.sks */ = {isa = PBXFileReference; lastKnownFileType = file.sks; path = Ground.sks; sourceTree = "<group>"; };
		73D7764D2B0CD04400A903C0 /* Assets.xcassets */ = {isa = PBXFileReference; lastKnownFileType = folder.assetcatalog; path = Assets.xcassets; sourceTree = "<group>"; };
/* End PBXFileReference section */

/* Begin PBXFrameworksBuildPhase section */
		73880CC42B077BC0005D2C01 /* Frameworks */ = {
			isa = PBXFrameworksBuildPhase;
			buildActionMask = 2147483647;
			files = (
			);
			runOnlyForDeploymentPostprocessing = 0;
		};
		73880CD52B077BC0005D2C01 /* Frameworks */ = {
			isa = PBXFrameworksBuildPhase;
			buildActionMask = 2147483647;
			files = (
			);
			runOnlyForDeploymentPostprocessing = 0;
		};
		73880CE52B077BC0005D2C01 /* Frameworks */ = {
			isa = PBXFrameworksBuildPhase;
			buildActionMask = 2147483647;
			files = (
			);
			runOnlyForDeploymentPostprocessing = 0;
		};
/* End PBXFrameworksBuildPhase section */

/* Begin PBXGroup section */
		73880CB92B077BBE005D2C01 = {
			isa = PBXGroup;
			children = (
				73D7764C2B0CD04400A903C0 /* Ground.sks */,
				73D7764D2B0CD04400A903C0 /* Assets.xcassets */,
				73880CBE2B077BBE005D2C01 /* try03 Shared */,
				73880CC92B077BC0005D2C01 /* try03 iOS */,
				73880CC82B077BC0005D2C01 /* Products */,
			);
			sourceTree = "<group>";
		};
		73880CBE2B077BBE005D2C01 /* try03 Shared */ = {
			isa = PBXGroup;
			children = (
				73880CBF2B077BBE005D2C01 /* Actions.sks */,
				73880CC02B077BBE005D2C01 /* GameScene.sks */,
				73880CC12B077BBE005D2C01 /* GameScene.swift */,
				73880CC22B077BC0005D2C01 /* Assets.xcassets */,
			);
			path = "try03 Shared";
			sourceTree = "<group>";
		};
		73880CC82B077BC0005D2C01 /* Products */ = {
			isa = PBXGroup;
			children = (
				73880CC72B077BC0005D2C01 /* try03.app */,
				73880CD82B077BC0005D2C01 /* try03.app */,
				73880CE82B077BC0005D2C01 /* try03.app */,
			);
			name = Products;
			sourceTree = "<group>";
		};
		73880CC92B077BC0005D2C01 /* try03 iOS */ = {
			isa = PBXGroup;
			children = (
				73880CCA2B077BC0005D2C01 /* AppDelegate.swift */,
				73880CCC2B077BC0005D2C01 /* GameViewController.swift */,
				73880CCE2B077BC0005D2C01 /* Main.storyboard */,
				73880CD12B077BC0005D2C01 /* LaunchScreen.storyboard */,
			);
			path = "try03 iOS";
			sourceTree = "<group>";
		};
/* End PBXGroup section */

/* Begin PBXNativeTarget section */
		73880CC62B077BC0005D2C01 /* try03 iOS */ = {
			isa = PBXNativeTarget;
			buildConfigurationList = 73880D002B077BC0005D2C01 /* Build configuration list for PBXNativeTarget "try03 iOS" */;
			buildPhases = (
				73880CC32B077BC0005D2C01 /* Sources */,
				73880CC42B077BC0005D2C01 /* Frameworks */,
				73880CC52B077BC0005D2C01 /* Resources */,
			);
			buildRules = (
			);
			dependencies = (
			);
			name = "try03 iOS";
			productName = "try03 iOS";
			productReference = 73880CC72B077BC0005D2C01 /* try03.app */;
			productType = "com.apple.product-type.application";
		};
		73880CD72B077BC0005D2C01 /* try03 tvOS */ = {
			isa = PBXNativeTarget;
			buildConfigurationList = 73880D032B077BC0005D2C01 /* Build configuration list for PBXNativeTarget "try03 tvOS" */;
			buildPhases = (
				73880CD42B077BC0005D2C01 /* Sources */,
				73880CD52B077BC0005D2C01 /* Frameworks */,
				73880CD62B077BC0005D2C01 /* Resources */,
			);
			buildRules = (
			);
			dependencies = (
			);
			name = "try03 tvOS";
			productName = "try03 tvOS";
			productReference = 73880CD82B077BC0005D2C01 /* try03.app */;
			productType = "com.apple.product-type.application";
		};
		73880CE72B077BC0005D2C01 /* try03 macOS */ = {
			isa = PBXNativeTarget;
			buildConfigurationList = 73880D062B077BC0005D2C01 /* Build configuration list for PBXNativeTarget "try03 macOS" */;
			buildPhases = (
				73880CE42B077BC0005D2C01 /* Sources */,
				73880CE52B077BC0005D2C01 /* Frameworks */,
				73880CE62B077BC0005D2C01 /* Resources */,
			);
			buildRules = (
			);
			dependencies = (
			);
			name = "try03 macOS";
			productName = "try03 macOS";
			productReference = 73880CE82B077BC0005D2C01 /* try03.app */;
			productType = "com.apple.product-type.application";
		};
/* End PBXNativeTarget section */

/* Begin PBXProject section */
		73880CBA2B077BBE005D2C01 /* Project object */ = {
			isa = PBXProject;
			attributes = {
				BuildIndependentTargetsInParallel = 1;
				LastSwiftUpdateCheck = 1430;
				LastUpgradeCheck = 1430;
				TargetAttributes = {
					73880CC62B077BC0005D2C01 = {
						CreatedOnToolsVersion = 14.3.1;
					};
					73880CD72B077BC0005D2C01 = {
						CreatedOnToolsVersion = 14.3.1;
					};
					73880CE72B077BC0005D2C01 = {
						CreatedOnToolsVersion = 14.3.1;
					};
				};
			};
			buildConfigurationList = 73880CBD2B077BBE005D2C01 /* Build configuration list for PBXProject "try03" */;
			compatibilityVersion = "Xcode 14.0";
			developmentRegion = en;
			hasScannedForEncodings = 0;
			knownRegions = (
				en,
				Base,
			);
			mainGroup = 73880CB92B077BBE005D2C01;
			productRefGroup = 73880CC82B077BC0005D2C01 /* Products */;
			projectDirPath = "";
			projectRoot = "";
			targets = (
				73880CC62B077BC0005D2C01 /* try03 iOS */,
				73880CD72B077BC0005D2C01 /* try03 tvOS */,
				73880CE72B077BC0005D2C01 /* try03 macOS */,
			);
		};
/* End PBXProject section */

/* Begin PBXResourcesBuildPhase section */
		73880CC52B077BC0005D2C01 /* Resources */ = {
			isa = PBXResourcesBuildPhase;
			buildActionMask = 2147483647;
			files = (
				73880CF52B077BC0005D2C01 /* GameScene.sks in Resources */,
				73880CD02B077BC0005D2C01 /* Main.storyboard in Resources */,
				73880CF22B077BC0005D2C01 /* Actions.sks in Resources */,
				73880CD32B077BC0005D2C01 /* LaunchScreen.storyboard in Resources */,
				73D7764F2B0CD04400A903C0 /* Assets.xcassets in Resources */,
				73D7764E2B0CD04400A903C0 /* Ground.sks in Resources */,
				73880CFB2B077BC0005D2C01 /* Assets.xcassets in Resources */,
			);
			runOnlyForDeploymentPostprocessing = 0;
		};
		73880CD62B077BC0005D2C01 /* Resources */ = {
			isa = PBXResourcesBuildPhase;
			buildActionMask = 2147483647;
			files = (
				73880CF62B077BC0005D2C01 /* GameScene.sks in Resources */,
				73880CF32B077BC0005D2C01 /* Actions.sks in Resources */,
				73880CFC2B077BC0005D2C01 /* Assets.xcassets in Resources */,
			);
			runOnlyForDeploymentPostprocessing = 0;
		};
		73880CE62B077BC0005D2C01 /* Resources */ = {
			isa = PBXResourcesBuildPhase;
			buildActionMask = 2147483647;
			files = (
				73880CF72B077BC0005D2C01 /* GameScene.sks in Resources */,
				73880CFD2B077BC0005D2C01 /* Assets.xcassets in Resources */,
				73880CF42B077BC0005D2C01 /* Actions.sks in Resources */,
			);
			runOnlyForDeploymentPostprocessing = 0;
		};
/* End PBXResourcesBuildPhase section */

/* Begin PBXSourcesBuildPhase section */
		73880CC32B077BC0005D2C01 /* Sources */ = {
			isa = PBXSourcesBuildPhase;
			buildActionMask = 2147483647;
			files = (
				73880CF82B077BC0005D2C01 /* GameScene.swift in Sources */,
				73880CCD2B077BC0005D2C01 /* GameViewController.swift in Sources */,
				73880CCB2B077BC0005D2C01 /* AppDelegate.swift in Sources */,
			);
			runOnlyForDeploymentPostprocessing = 0;
		};
		73880CD42B077BC0005D2C01 /* Sources */ = {
			isa = PBXSourcesBuildPhase;
			buildActionMask = 2147483647;
			files = (
				73880CF92B077BC0005D2C01 /* GameScene.swift in Sources */,
			);
			runOnlyForDeploymentPostprocessing = 0;
		};
		73880CE42B077BC0005D2C01 /* Sources */ = {
			isa = PBXSourcesBuildPhase;
			buildActionMask = 2147483647;
			files = (
				73880CFA2B077BC0005D2C01 /* GameScene.swift in Sources */,
			);
			runOnlyForDeploymentPostprocessing = 0;
		};
/* End PBXSourcesBuildPhase section */

/* Begin PBXVariantGroup section */
		73880CCE2B077BC0005D2C01 /* Main.storyboard */ = {
			isa = PBXVariantGroup;
			children = (
				73880CCF2B077BC0005D2C01 /* Base */,
			);
			name = Main.storyboard;
			sourceTree = "<group>";
		};
		73880CD12B077BC0005D2C01 /* LaunchScreen.storyboard */ = {
			isa = PBXVariantGroup;
			children = (
				73880CD22B077BC0005D2C01 /* Base */,
			);
			name = LaunchScreen.storyboard;
			sourceTree = "<group>";
		};
/* End PBXVariantGroup section */

/* Begin XCBuildConfiguration section */
		73880CFE2B077BC0005D2C01 /* Debug */ = {
			isa = XCBuildConfiguration;
			buildSettings = {
				ALWAYS_SEARCH_USER_PATHS = NO;
				CLANG_ANALYZER_NONNULL = YES;
				CLANG_ANALYZER_NUMBER_OBJECT_CONVERSION = YES_AGGRESSIVE;
				CLANG_CXX_LANGUAGE_STANDARD = "gnu++20";
				CLANG_ENABLE_MODULES = YES;
				CLANG_ENABLE_OBJC_ARC = YES;
				CLANG_ENABLE_OBJC_WEAK = YES;
				CLANG_WARN_BLOCK_CAPTURE_AUTORELEASING = YES;
				CLANG_WARN_BOOL_CONVERSION = YES;
				CLANG_WARN_COMMA = YES;
				CLANG_WARN_CONSTANT_CONVERSION = YES;
				CLANG_WARN_DEPRECATED_OBJC_IMPLEMENTATIONS = YES;
				CLANG_WARN_DIRECT_OBJC_ISA_USAGE = YES_ERROR;
				CLANG_WARN_DOCUMENTATION_COMMENTS = YES;
				CLANG_WARN_EMPTY_BODY = YES;
				CLANG_WARN_ENUM_CONVERSION = YES;
				CLANG_WARN_INFINITE_RECURSION = YES;
				CLANG_WARN_INT_CONVERSION = YES;
				CLANG_WARN_NON_LITERAL_NULL_CONVERSION = YES;
				CLANG_WARN_OBJC_IMPLICIT_RETAIN_SELF = YES;
				CLANG_WARN_OBJC_LITERAL_CONVERSION = YES;
				CLANG_WARN_OBJC_ROOT_CLASS = YES_ERROR;
				CLANG_WARN_QUOTED_INCLUDE_IN_FRAMEWORK_HEADER = YES;
				CLANG_WARN_RANGE_LOOP_ANALYSIS = YES;
				CLANG_WARN_STRICT_PROTOTYPES = YES;
				CLANG_WARN_SUSPICIOUS_MOVE = YES;
				CLANG_WARN_UNGUARDED_AVAILABILITY = YES_AGGRESSIVE;
				CLANG_WARN_UNREACHABLE_CODE = YES;
				CLANG_WARN__DUPLICATE_METHOD_MATCH = YES;
				COPY_PHASE_STRIP = NO;
				DEBUG_INFORMATION_FORMAT = dwarf;
				ENABLE_STRICT_OBJC_MSGSEND = YES;
				ENABLE_TESTABILITY = YES;
				GCC_C_LANGUAGE_STANDARD = gnu11;
				GCC_DYNAMIC_NO_PIC = NO;
				GCC_NO_COMMON_BLOCKS = YES;
				GCC_OPTIMIZATION_LEVEL = 0;
				GCC_PREPROCESSOR_DEFINITIONS = (
					"DEBUG=1",
					"$(inherited)",
				);
				GCC_WARN_64_TO_32_BIT_CONVERSION = YES;
				GCC_WARN_ABOUT_RETURN_TYPE = YES_ERROR;
				GCC_WARN_UNDECLARED_SELECTOR = YES;
				GCC_WARN_UNINITIALIZED_AUTOS = YES_AGGRESSIVE;
				GCC_WARN_UNUSED_FUNCTION = YES;
				GCC_WARN_UNUSED_VARIABLE = YES;
				MTL_ENABLE_DEBUG_INFO = INCLUDE_SOURCE;
				MTL_FAST_MATH = YES;
				ONLY_ACTIVE_ARCH = YES;
				SWIFT_ACTIVE_COMPILATION_CONDITIONS = DEBUG;
				SWIFT_OPTIMIZATION_LEVEL = "-Onone";
			};
			name = Debug;
		};
		73880CFF2B077BC0005D2C01 /* Release */ = {
			isa = XCBuildConfiguration;
			buildSettings = {
				ALWAYS_SEARCH_USER_PATHS = NO;
				CLANG_ANALYZER_NONNULL = YES;
				CLANG_ANALYZER_NUMBER_OBJECT_CONVERSION = YES_AGGRESSIVE;
				CLANG_CXX_LANGUAGE_STANDARD = "gnu++20";
				CLANG_ENABLE_MODULES = YES;
				CLANG_ENABLE_OBJC_ARC = YES;
				CLANG_ENABLE_OBJC_WEAK = YES;
				CLANG_WARN_BLOCK_CAPTURE_AUTORELEASING = YES;
				CLANG_WARN_BOOL_CONVERSION = YES;
				CLANG_WARN_COMMA = YES;
				CLANG_WARN_CONSTANT_CONVERSION = YES;
				CLANG_WARN_DEPRECATED_OBJC_IMPLEMENTATIONS = YES;
				CLANG_WARN_DIRECT_OBJC_ISA_USAGE = YES_ERROR;
				CLANG_WARN_DOCUMENTATION_COMMENTS = YES;
				CLANG_WARN_EMPTY_BODY = YES;
				CLANG_WARN_ENUM_CONVERSION = YES;
				CLANG_WARN_INFINITE_RECURSION = YES;
				CLANG_WARN_INT_CONVERSION = YES;
				CLANG_WARN_NON_LITERAL_NULL_CONVERSION = YES;
				CLANG_WARN_OBJC_IMPLICIT_RETAIN_SELF = YES;
				CLANG_WARN_OBJC_LITERAL_CONVERSION = YES;
				CLANG_WARN_OBJC_ROOT_CLASS = YES_ERROR;
				CLANG_WARN_QUOTED_INCLUDE_IN_FRAMEWORK_HEADER = YES;
				CLANG_WARN_RANGE_LOOP_ANALYSIS = YES;
				CLANG_WARN_STRICT_PROTOTYPES = YES;
				CLANG_WARN_SUSPICIOUS_MOVE = YES;
				CLANG_WARN_UNGUARDED_AVAILABILITY = YES_AGGRESSIVE;
				CLANG_WARN_UNREACHABLE_CODE = YES;
				CLANG_WARN__DUPLICATE_METHOD_MATCH = YES;
				COPY_PHASE_STRIP = NO;
				DEBUG_INFORMATION_FORMAT = "dwarf-with-dsym";
				ENABLE_NS_ASSERTIONS = NO;
				ENABLE_STRICT_OBJC_MSGSEND = YES;
				GCC_C_LANGUAGE_STANDARD = gnu11;
				GCC_NO_COMMON_BLOCKS = YES;
				GCC_WARN_64_TO_32_BIT_CONVERSION = YES;
				GCC_WARN_ABOUT_RETURN_TYPE = YES_ERROR;
				GCC_WARN_UNDECLARED_SELECTOR = YES;
				GCC_WARN_UNINITIALIZED_AUTOS = YES_AGGRESSIVE;
				GCC_WARN_UNUSED_FUNCTION = YES;
				GCC_WARN_UNUSED_VARIABLE = YES;
				MTL_ENABLE_DEBUG_INFO = NO;
				MTL_FAST_MATH = YES;
				SWIFT_COMPILATION_MODE = wholemodule;
				SWIFT_OPTIMIZATION_LEVEL = "-O";
			};
			name = Release;
		};
		73880D012B077BC0005D2C01 /* Debug */ = {
			isa = XCBuildConfiguration;
			buildSettings = {
				ASSETCATALOG_COMPILER_APPICON_NAME = AppIcon;
				ASSETCATALOG_COMPILER_GLOBAL_ACCENT_COLOR_NAME = AccentColor;
				CODE_SIGN_STYLE = Automatic;
				CURRENT_PROJECT_VERSION = 1;
				GENERATE_INFOPLIST_FILE = YES;
				INFOPLIST_KEY_UIApplicationSupportsIndirectInputEvents = YES;
				INFOPLIST_KEY_UILaunchStoryboardName = LaunchScreen;
				INFOPLIST_KEY_UIMainStoryboardFile = Main;
				INFOPLIST_KEY_UIStatusBarHidden = YES;
				INFOPLIST_KEY_UISupportedInterfaceOrientations = "UIInterfaceOrientationLandscapeLeft UIInterfaceOrientationLandscapeRight";
				INFOPLIST_KEY_UISupportedInterfaceOrientations_iPad = "UIInterfaceOrientationLandscapeLeft UIInterfaceOrientationLandscapeRight UIInterfaceOrientationPortrait UIInterfaceOrientationPortraitUpsideDown";
				IPHONEOS_DEPLOYMENT_TARGET = 16.4;
				LD_RUNPATH_SEARCH_PATHS = (
					"$(inherited)",
					"@executable_path/Frameworks",
				);
				MARKETING_VERSION = 1.0;
				PRODUCT_BUNDLE_IDENTIFIER = "-.try03";
				PRODUCT_NAME = try03;
				SDKROOT = iphoneos;
				SWIFT_EMIT_LOC_STRINGS = YES;
				SWIFT_VERSION = 5.0;
				TARGETED_DEVICE_FAMILY = "1,2";
			};
			name = Debug;
		};
		73880D022B077BC0005D2C01 /* Release */ = {
			isa = XCBuildConfiguration;
			buildSettings = {
				ASSETCATALOG_COMPILER_APPICON_NAME = AppIcon;
				ASSETCATALOG_COMPILER_GLOBAL_ACCENT_COLOR_NAME = AccentColor;
				CODE_SIGN_STYLE = Automatic;
				CURRENT_PROJECT_VERSION = 1;
				GENERATE_INFOPLIST_FILE = YES;
				INFOPLIST_KEY_UIApplicationSupportsIndirectInputEvents = YES;
				INFOPLIST_KEY_UILaunchStoryboardName = LaunchScreen;
				INFOPLIST_KEY_UIMainStoryboardFile = Main;
				INFOPLIST_KEY_UIStatusBarHidden = YES;
				INFOPLIST_KEY_UISupportedInterfaceOrientations = "UIInterfaceOrientationLandscapeLeft UIInterfaceOrientationLandscapeRight";
				INFOPLIST_KEY_UISupportedInterfaceOrientations_iPad = "UIInterfaceOrientationLandscapeLeft UIInterfaceOrientationLandscapeRight UIInterfaceOrientationPortrait UIInterfaceOrientationPortraitUpsideDown";
				IPHONEOS_DEPLOYMENT_TARGET = 16.4;
				LD_RUNPATH_SEARCH_PATHS = (
					"$(inherited)",
					"@executable_path/Frameworks",
				);
				MARKETING_VERSION = 1.0;
				PRODUCT_BUNDLE_IDENTIFIER = "-.try03";
				PRODUCT_NAME = try03;
				SDKROOT = iphoneos;
				SWIFT_EMIT_LOC_STRINGS = YES;
				SWIFT_VERSION = 5.0;
				TARGETED_DEVICE_FAMILY = "1,2";
				VALIDATE_PRODUCT = YES;
			};
			name = Release;
		};
		73880D042B077BC0005D2C01 /* Debug */ = {
			isa = XCBuildConfiguration;
			buildSettings = {
				ASSETCATALOG_COMPILER_APPICON_NAME = "tvOS App Icon & Top Shelf Image";
				ASSETCATALOG_COMPILER_GLOBAL_ACCENT_COLOR_NAME = AccentColor;
				CODE_SIGN_STYLE = Automatic;
				CURRENT_PROJECT_VERSION = 1;
				GENERATE_INFOPLIST_FILE = YES;
				INFOPLIST_KEY_UILaunchStoryboardName = LaunchScreen;
				INFOPLIST_KEY_UIMainStoryboardFile = Main;
				INFOPLIST_KEY_UIUserInterfaceStyle = Automatic;
				LD_RUNPATH_SEARCH_PATHS = (
					"$(inherited)",
					"@executable_path/Frameworks",
				);
				MARKETING_VERSION = 1.0;
				PRODUCT_BUNDLE_IDENTIFIER = "-.try03";
				PRODUCT_NAME = try03;
				SDKROOT = appletvos;
				SWIFT_EMIT_LOC_STRINGS = YES;
				SWIFT_VERSION = 5.0;
				TARGETED_DEVICE_FAMILY = 3;
				TVOS_DEPLOYMENT_TARGET = 16.4;
			};
			name = Debug;
		};
		73880D052B077BC0005D2C01 /* Release */ = {
			isa = XCBuildConfiguration;
			buildSettings = {
				ASSETCATALOG_COMPILER_APPICON_NAME = "tvOS App Icon & Top Shelf Image";
				ASSETCATALOG_COMPILER_GLOBAL_ACCENT_COLOR_NAME = AccentColor;
				CODE_SIGN_STYLE = Automatic;
				CURRENT_PROJECT_VERSION = 1;
				GENERATE_INFOPLIST_FILE = YES;
				INFOPLIST_KEY_UILaunchStoryboardName = LaunchScreen;
				INFOPLIST_KEY_UIMainStoryboardFile = Main;
				INFOPLIST_KEY_UIUserInterfaceStyle = Automatic;
				LD_RUNPATH_SEARCH_PATHS = (
					"$(inherited)",
					"@executable_path/Frameworks",
				);
				MARKETING_VERSION = 1.0;
				PRODUCT_BUNDLE_IDENTIFIER = "-.try03";
				PRODUCT_NAME = try03;
				SDKROOT = appletvos;
				SWIFT_EMIT_LOC_STRINGS = YES;
				SWIFT_VERSION = 5.0;
				TARGETED_DEVICE_FAMILY = 3;
				TVOS_DEPLOYMENT_TARGET = 16.4;
				VALIDATE_PRODUCT = YES;
			};
			name = Release;
		};
		73880D072B077BC0005D2C01 /* Debug */ = {
			isa = XCBuildConfiguration;
			buildSettings = {
				ASSETCATALOG_COMPILER_APPICON_NAME = AppIcon;
				ASSETCATALOG_COMPILER_GLOBAL_ACCENT_COLOR_NAME = AccentColor;
				CODE_SIGN_ENTITLEMENTS = "try03 macOS/try03_macOS.entitlements";
				CODE_SIGN_STYLE = Automatic;
				COMBINE_HIDPI_IMAGES = YES;
				CURRENT_PROJECT_VERSION = 1;
				GENERATE_INFOPLIST_FILE = YES;
				INFOPLIST_KEY_NSHumanReadableCopyright = "";
				INFOPLIST_KEY_NSMainStoryboardFile = Main;
				INFOPLIST_KEY_NSPrincipalClass = NSApplication;
				LD_RUNPATH_SEARCH_PATHS = (
					"$(inherited)",
					"@executable_path/../Frameworks",
				);
				MACOSX_DEPLOYMENT_TARGET = 13.3;
				MARKETING_VERSION = 1.0;
				PRODUCT_BUNDLE_IDENTIFIER = "-.try03";
				PRODUCT_NAME = try03;
				SDKROOT = macosx;
				SWIFT_EMIT_LOC_STRINGS = YES;
				SWIFT_VERSION = 5.0;
			};
			name = Debug;
		};
		73880D082B077BC0005D2C01 /* Release */ = {
			isa = XCBuildConfiguration;
			buildSettings = {
				ASSETCATALOG_COMPILER_APPICON_NAME = AppIcon;
				ASSETCATALOG_COMPILER_GLOBAL_ACCENT_COLOR_NAME = AccentColor;
				CODE_SIGN_ENTITLEMENTS = "try03 macOS/try03_macOS.entitlements";
				CODE_SIGN_STYLE = Automatic;
				COMBINE_HIDPI_IMAGES = YES;
				CURRENT_PROJECT_VERSION = 1;
				GENERATE_INFOPLIST_FILE = YES;
				INFOPLIST_KEY_NSHumanReadableCopyright = "";
				INFOPLIST_KEY_NSMainStoryboardFile = Main;
				INFOPLIST_KEY_NSPrincipalClass = NSApplication;
				LD_RUNPATH_SEARCH_PATHS = (
					"$(inherited)",
					"@executable_path/../Frameworks",
				);
				MACOSX_DEPLOYMENT_TARGET = 13.3;
				MARKETING_VERSION = 1.0;
				PRODUCT_BUNDLE_IDENTIFIER = "-.try03";
				PRODUCT_NAME = try03;
				SDKROOT = macosx;
				SWIFT_EMIT_LOC_STRINGS = YES;
				SWIFT_VERSION = 5.0;
			};
			name = Release;
		};
/* End XCBuildConfiguration section */

/* Begin XCConfigurationList section */
		73880CBD2B077BBE005D2C01 /* Build configuration list for PBXProject "try03" */ = {
			isa = XCConfigurationList;
			buildConfigurations = (
				73880CFE2B077BC0005D2C01 /* Debug */,
				73880CFF2B077BC0005D2C01 /* Release */,
			);
			defaultConfigurationIsVisible = 0;
			defaultConfigurationName = Release;
		};
		73880D002B077BC0005D2C01 /* Build configuration list for PBXNativeTarget "try03 iOS" */ = {
			isa = XCConfigurationList;
			buildConfigurations = (
				73880D012B077BC0005D2C01 /* Debug */,
				73880D022B077BC0005D2C01 /* Release */,
			);
			defaultConfigurationIsVisible = 0;
			defaultConfigurationName = Release;
		};
		73880D032B077BC0005D2C01 /* Build configuration list for PBXNativeTarget "try03 tvOS" */ = {
			isa = XCConfigurationList;
			buildConfigurations = (
				73880D042B077BC0005D2C01 /* Debug */,
				73880D052B077BC0005D2C01 /* Release */,
			);
			defaultConfigurationIsVisible = 0;
			defaultConfigurationName = Release;
		};
		73880D062B077BC0005D2C01 /* Build configuration list for PBXNativeTarget "try03 macOS" */ = {
			isa = XCConfigurationList;
			buildConfigurations = (
				73880D072B077BC0005D2C01 /* Debug */,
				73880D082B077BC0005D2C01 /* Release */,
			);
			defaultConfigurationIsVisible = 0;
			defaultConfigurationName = Release;
		};
/* End XCConfigurationList section */
	};
	rootObject = 73880CBA2B077BBE005D2C01 /* Project object */;
}
